
Microsoft Visual Studio Solution File, Format Version 12.00
# Visual Studio Version 17
VisualStudioVersion = 17.14.37531.7
MinimumVisualStudioVersion = 10.0.40219.1
Project("{FAE04EC0-301F-11D3-BF4B-00C04F79EFBC}") = "ConvenienceStorePOS", "ConvenienceStorePOS\ConvenienceStorePOS.csproj", "{5475C930-C490-40AC-82E8-05FA02908A17}"
EndProject
Project("{FAE04EC0-301F-11D3-BF4B-00C04F79EFBC}") = "ConvenienceStorePOS.Tests", "ConvenienceStorePOS.Tests\ConvenienceStorePOS.Tests.csproj", "{B913A512-8286-4E9D-9E39-933EF43C40BC}"
EndProject
Global
	GlobalSection(SolutionConfigurationPlatforms) = preSolution
		Debug|Any CPU = Debug|Any CPU
		Debug|x64 = Debug|x64
		Debug|x86 = Debug|x86
		Release|Any CPU = Release|Any CPU
		Release|x64 = Release|x64
		Release|x86 = Release|x86
	EndGlobalSection
	GlobalSection(ProjectConfigurationPlatforms) = postSolution
		{5475C930-C490-40AC-82E8-05FA02908A17}.Debug|Any CPU.ActiveCfg = Debug|Any CPU
		{5475C930-C490-40AC-82E8-05FA02908A17}.Debug|Any CPU.Build.0 = Debug|Any CPU
		{5475C930-C490-40AC-82E8-05FA02908A17}.Debug|x64.ActiveCfg = Debug|Any CPU
		{5475C930-C490-40AC-82E8-05FA02908A17}.Debug|x64.Build.0 = Debug|Any CPU
		{5475C930-C490-40AC-82E8-05FA02908A17}.Debug|x86.ActiveCfg = Debug|Any CPU
		{5475C930-C490-40AC-82E8-05FA02908A17}.Debug|x86.Build.0 = Debug|Any CPU
		{5475C930-C490-40AC-82E8-05FA02908A17}.Release|Any CPU.ActiveCfg = Release|Any CPU
		{5475C930-C490-40AC-82E8-05FA02908A17}.Release|Any CPU.Build.0 = Release|Any CPU
		{5475C930-C490-40AC-82E8-05FA02908A17}.Release|x64.ActiveCfg = Release|Any CPU
		{5475C930-C490-40AC-82E8-05FA02908A17}.Release|x64.Build.0 = Release|Any CPU
		{5475C930-C490-40AC-82E8-05FA02908A17}.Release|x86.ActiveCfg = Release|Any CPU
		{5475C930-C490-40AC-82E8-05FA02908A17}.Release|x86.Build.0 = Release|Any CPU
		{B913A512-8286-4E9D-9E39-933EF43C40BC}.Debug|Any CPU.ActiveCfg = Debug|Any CPU
		{B913A512-8286-4E9D-9E39-933EF43C40BC}.Debug|Any CPU.Build.0 = Debug|Any CPU
		{B913A512-8286-4E9D-9E39-933EF43C40BC}.Debug|x64.ActiveCfg = Debug|Any CPU
		{B913A512-8286-4E9D-9E39-933EF43C40BC}.Debug|x64.Build.0 = Debug|Any CPU
		{B913A512-8286-4E9D-9E39-933EF43C40BC}.Debug|x86.ActiveCfg = Debug|Any CPU
		{B913A512-8286-4E9D-9E39-933EF43C40BC}.Debug|x86.Build.0 = Debug|Any CPU
		{B913A512-8286-4E9D-9E39-933EF43C40BC}.Release|Any CPU.ActiveCfg = Release|Any CPU
		{B913A512-8286-4E9D-9E39-933EF43C40BC}.Release|Any CPU.Build.0 = Release|Any CPU
		{B913A512-8286-4E9D-9E39-933EF43C40BC}.Release|x64.ActiveCfg = Release|Any CPU
		{B913A512-8286-4E9D-9E39-933EF43C40BC}.Release|x64.Build.0 = Release|Any CPU
		{B913A512-8286-4E9D-9E39-933EF43C40BC}.Release|x86.ActiveCfg = Release|Any CPU
		{B913A512-8286-4E9D-9E39-933EF43C40BC}.Release|x86.Build.0 = Release|Any CPU
	EndGlobalSection
	GlobalSection(SolutionProperties) = preSolution
		HideSolutionNode = FALSE
	EndGlobalSection
	GlobalSection(ExtensibilityGlobals) = postSolution
		SolutionGuid = {7BDB47D4-3A5A-4DD9-8CAB-4575E4A2CE81}
	EndGlobalSection
EndGlobal
